# THIS IS AN AUTOGENERATED FILE. DO NOT EDIT THIS FILE DIRECTLY.
# yarn lockfile v1


bootstrap.native@^2.0.24:
  version "2.0.27"
  resolved "https://registry.yarnpkg.com/bootstrap.native/-/bootstrap.native-2.0.27.tgz#c0978d372cde1bd9f06d015985e99ae7af44f816"
  integrity sha512-gv2eN4zXHOLN/oPotTxb8CJr9Dk0xlM9YURyHCWjq1Lyt2I669bri/Bp8b0HPOKX7JqRVh+Sk/VwEe0OcQN2fw==

bootstrap@^4.1.3:
  version "4.4.1"
  resolved "https://registry.yarnpkg.com/bootstrap/-/bootstrap-4.4.1.tgz#8582960eea0c5cd2bede84d8b0baf3789c3e8b01"
  integrity sha512-tbx5cHubwE6e2ZG7nqM3g/FZ5PQEDMWmMGNrCUBVRPHXTJaH7CBDdsLeu3eCh3B1tzAxTnAbtmrzvWEvT2NNEA==

jam-icons@^2.0.0:
  version "2.0.0"
  resolved "https://registry.yarnpkg.com/jam-icons/-/jam-icons-2.0.0.tgz#7036006f867d21d1ab9ad83743eb9b41cafa70a0"
  integrity sha512-AbfqqvNpRGAsGvKterHUkvt+lVTWMB++lBK29o27WEvi4Ji/KVsABmE+odL5mLDiXU3ZPEKjRvSmcO20u8nIgA==

salvattore@^1.0.9:
  version "1.0.9"
  resolved "https://registry.yarnpkg.com/salvattore/-/salvattore-1.0.9.tgz#b75777850cc6f2a690157c8b852aa99fd18a1291"
  integrity sha1-t1d3hQzG8qaQFXyLhSqpn9GKEpE=

vanilla-lazyload@^8.17.0:
  version "8.17.0"
  resolved "https://registry.yarnpkg.com/vanilla-lazyload/-/vanilla-lazyload-8.17.0.tgz#52425bd17c88b7ce2e385ec0b1f1b6db2dc48d81"
  integrity sha512-daRKpJlC/CoMcJKRaRc0pvAbL8e9rxH5E6Fy/gCVVCvdnbxe9U82QCD2UFeuJ7/8uxeII3ebpGDOFT7zjdU1rw==
